# This file is automatically @generated by Poetry 1.8.3 and should not be changed by hand.

[[package]]
name = "dnspython"
version = "2.6.1"
description = "DNS toolkit"
optional = false
python-versions = ">=3.8"
files = [
    {file = "dnspython-2.6.1-py3-none-any.whl", hash = "sha256:5ef3b9680161f6fa89daf8ad451b5f1a33b18ae8a1c6778cdf4b43f08c0a6e50"},
    {file = "dnspython-2.6.1.tar.gz", hash = "sha256:e8f0f9c23a7b7cb99ded64e6c3a6f3e701d78f50c55e002b839dea7225cff7cc"},
]

[package.extras]
dev = ["black (>=23.1.0)", "coverage (>=7.0)", "flake8 (>=7)", "mypy (>=1.8)", "pylint (>=3)", "pytest (>=7.4)", "pytest-cov (>=4.1.0)", "sphinx (>=7.2.0)", "twine (>=4.0.0)", "wheel (>=0.42.0)"]
dnssec = ["cryptography (>=41)"]
doh = ["h2 (>=4.1.0)", "httpcore (>=1.0.0)", "httpx (>=0.26.0)"]
doq = ["aioquic (>=0.9.25)"]
idna = ["idna (>=3.6)"]
trio = ["trio (>=0.23)"]
wmi = ["wmi (>=1.5.1)"]

[[package]]
name = "kafka-python"
version = "2.0.2"
description = "Pure Python client for Apache Kafka"
optional = false
python-versions = "*"
files = [
    {file = "kafka-python-2.0.2.tar.gz", hash = "sha256:04dfe7fea2b63726cd6f3e79a2d86e709d608d74406638c5da33a01d45a9d7e3"},
    {file = "kafka_python-2.0.2-py2.py3-none-any.whl", hash = "sha256:2d92418c7cb1c298fa6c7f0fb3519b520d0d7526ac6cb7ae2a4fc65a51a94b6e"},
]

[package.extras]
crc32c = ["crc32c"]

[[package]]
name = "kazoo"
version = "2.10.0"
description = "\"Higher Level Zookeeper Client\""
optional = false
python-versions = "*"
files = [
    {file = "kazoo-2.10.0-py2.py3-none-any.whl", hash = "sha256:de2d69168de432ff66b457a26c727a5bf7ff53af5806653fd1df7f04b6a5483c"},
    {file = "kazoo-2.10.0.tar.gz", hash = "sha256:905796ae4f4c12bd4e4ae92e6e5d018439e6b56c8cfbb24825362e79b230dab1"},
]

[package.extras]
alldeps = ["Sphinx (>=1.2.2)", "eventlet (>=0.17.1)", "flake8", "gevent (>=1.2)", "mypy (>=0.991)", "pure-sasl (>=0.5.1)", "sphinx-autodoc-typehints (>=1)"]
dev = ["flake8"]
docs = ["Sphinx (>=1.2.2)", "sphinx-autodoc-typehints (>=1)"]
eventlet = ["eventlet (>=0.17.1)"]
gevent = ["gevent (>=1.2)"]
sasl = ["pure-sasl (>=0.5.1)"]
test = ["eventlet (>=0.17.1)", "gevent (>=1.2)", "objgraph", "pyjks", "pyopenssl", "pytest", "pytest-cov"]
typing = ["mypy (>=0.991)"]

[[package]]
name = "mysql-connector-python"
version = "9.0.0"
description = "MySQL driver written in Python"
optional = false
python-versions = ">=3.8"
files = [
    {file = "mysql-connector-python-9.0.0.tar.gz", hash = "sha256:8a404db37864acca43fd76222d1fbc7ff8d17d4ce02d803289c2141c2693ce9e"},
    {file = "mysql_connector_python-9.0.0-cp310-cp310-macosx_13_0_arm64.whl", hash = "sha256:72bfd0213364c2bea0244f6432ababb2f204cff43f4f886c65dca2be11f536ee"},
    {file = "mysql_connector_python-9.0.0-cp310-cp310-macosx_13_0_x86_64.whl", hash = "sha256:052058cf3dc0bf183ab522132f3b18a614a26f3e392ae886efcdab38d4f4fc42"},
    {file = "mysql_connector_python-9.0.0-cp310-cp310-manylinux_2_17_aarch64.whl", hash = "sha256:f41cb8da8bb487ed60329ac31789c50621f0e6d2c26abc7d4ae2383838fb1b93"},
    {file = "mysql_connector_python-9.0.0-cp310-cp310-manylinux_2_17_x86_64.whl", hash = "sha256:67fc2b2e67a63963c633fc884f285a8de5a626967a3cc5f5d48ac3e8d15b122d"},
    {file = "mysql_connector_python-9.0.0-cp310-cp310-win_amd64.whl", hash = "sha256:933c3e39d30cc6f9ff636d27d18aa3f1341b23d803ade4b57a76f91c26d14066"},
    {file = "mysql_connector_python-9.0.0-cp311-cp311-macosx_13_0_arm64.whl", hash = "sha256:7af7f68198f2aca3a520e1201fe2b329331e0ca19a481f3b3451cb0746f56c01"},
    {file = "mysql_connector_python-9.0.0-cp311-cp311-macosx_13_0_x86_64.whl", hash = "sha256:38c229d76cd1dea8465357855f2b2842b7a9b201f17dea13b0eab7d3b9d6ad74"},
    {file = "mysql_connector_python-9.0.0-cp311-cp311-manylinux_2_17_aarch64.whl", hash = "sha256:c01aad36f0c34ca3f642018be37fd0d55c546f088837cba88f1a1aff408c63dd"},
    {file = "mysql_connector_python-9.0.0-cp311-cp311-manylinux_2_17_x86_64.whl", hash = "sha256:853c5916d188ef2c357a474e15ac81cafae6085e599ceb9b2b0bcb9104118e63"},
    {file = "mysql_connector_python-9.0.0-cp311-cp311-win_amd64.whl", hash = "sha256:134b71e439e2eafaee4c550365221ae2890dd54fb76227c64a87a94a07fe79b4"},
    {file = "mysql_connector_python-9.0.0-cp312-cp312-macosx_13_0_arm64.whl", hash = "sha256:9199d6ecc81576602990178f0c2fb71737c53a598c8a2f51e1097a53fcfaee40"},
    {file = "mysql_connector_python-9.0.0-cp312-cp312-macosx_13_0_x86_64.whl", hash = "sha256:b267a6c000b7f98e6436a9acefa5582a9662e503b0632a2562e3093a677f6845"},
    {file = "mysql_connector_python-9.0.0-cp312-cp312-manylinux_2_17_aarch64.whl", hash = "sha256:ac92b2f2a9307ac0c4aafdfcf7ecf01ec92dfebd9140f8c95353adfbf5822cd4"},
    {file = "mysql_connector_python-9.0.0-cp312-cp312-manylinux_2_17_x86_64.whl", hash = "sha256:ced1fa55e653d28f66c4f3569ed524d4d92098119dcd80c2fa026872a30eba55"},
    {file = "mysql_connector_python-9.0.0-cp312-cp312-win_amd64.whl", hash = "sha256:ca8349fe56ce39498d9b5ca8eabba744774e94d85775259f26a43a03e8825429"},
    {file = "mysql_connector_python-9.0.0-cp38-cp38-macosx_13_0_x86_64.whl", hash = "sha256:a48534b881c176557ddc78527c8c75b4c9402511e972670ad33c5e49d31eddfe"},
    {file = "mysql_connector_python-9.0.0-cp38-cp38-manylinux_2_17_aarch64.whl", hash = "sha256:e90a7b96ce2c6a60f6e2609b0c83f45bd55e144cc7c2a9714e344938827da363"},
    {file = "mysql_connector_python-9.0.0-cp38-cp38-manylinux_2_17_x86_64.whl", hash = "sha256:2a8f451c4d700802fdfe515890c14974766c322213df2ceed3b27752929dc70f"},
    {file = "mysql_connector_python-9.0.0-cp38-cp38-win_amd64.whl", hash = "sha256:2dcf05355315e5c7c81e9eca34395d78f29c4da3662e869e42dd7b16380f92ce"},
    {file = "mysql_connector_python-9.0.0-cp39-cp39-macosx_13_0_arm64.whl", hash = "sha256:823190e7f2a9b4bcc574ab6bb72a33802933e1a8c171594faad90162d2d27758"},
    {file = "mysql_connector_python-9.0.0-cp39-cp39-macosx_13_0_x86_64.whl", hash = "sha256:b8639d8aa381a7d19b92ca1a32448f09baaf80787e50187d1f7d072191430768"},
    {file = "mysql_connector_python-9.0.0-cp39-cp39-manylinux_2_17_aarch64.whl", hash = "sha256:a688ea65b2ea771b9b69dc409377240a7cab7c1aafef46cd75219d5a94ba49e0"},
    {file = "mysql_connector_python-9.0.0-cp39-cp39-manylinux_2_17_x86_64.whl", hash = "sha256:6d92c58f71c691f86ad35bb2f3e13d7a9cc1c84ce0b04c146e5980e450faeff1"},
    {file = "mysql_connector_python-9.0.0-cp39-cp39-win_amd64.whl", hash = "sha256:eacc353dcf6f39665d4ca3311ded5ddae0f5a117f03107991d4185ffa59fd890"},
    {file = "mysql_connector_python-9.0.0-py2.py3-none-any.whl", hash = "sha256:016d81bb1499dee8b77c82464244e98f10d3671ceefb4023adc559267d1fad50"},
]

[package.extras]
dns-srv = ["dnspython (==2.6.1)"]
fido2 = ["fido2 (==1.1.2)"]
gssapi = ["gssapi (>=1.6.9,<=1.8.2)"]
telemetry = ["opentelemetry-api (==1.18.0)", "opentelemetry-exporter-otlp-proto-http (==1.18.0)", "opentelemetry-sdk (==1.18.0)"]

[[package]]
name = "ops"
version = "2.17.0"
description = "The Python library behind great charms"
optional = false
python-versions = ">=3.8"
files = [
    {file = "ops-2.17.0-py3-none-any.whl", hash = "sha256:b6b7cebd1897bc1ea26312f1ddece693fbb5b392d5a395d5deef59204b98925e"},
    {file = "ops-2.17.0.tar.gz", hash = "sha256:04f298bed94bfde3dd38ba39d309cda03d595273e815add6d0affb110cacb77b"},
]

[package.dependencies]
PyYAML = "==6.*"
websocket-client = "==1.*"

[package.extras]
docs = ["canonical-sphinx-extensions", "furo", "linkify-it-py", "myst-parser", "ops-scenario (>=7.0.5,<8)", "pyspelling", "sphinx (>=8.0.0,<8.1.0)", "sphinx-autobuild", "sphinx-copybutton", "sphinx-design", "sphinx-notfound-page", "sphinx-tabs", "sphinxcontrib-jquery", "sphinxext-opengraph"]
testing = ["ops-scenario (>=7.0.5,<8)"]

[[package]]
name = "psycopg2"
version = "2.9.9"
description = "psycopg2 - Python-PostgreSQL Database Adapter"
optional = false
python-versions = ">=3.7"
files = [
    {file = "psycopg2-2.9.9-cp310-cp310-win32.whl", hash = "sha256:38a8dcc6856f569068b47de286b472b7c473ac7977243593a288ebce0dc89516"},
    {file = "psycopg2-2.9.9-cp310-cp310-win_amd64.whl", hash = "sha256:426f9f29bde126913a20a96ff8ce7d73fd8a216cfb323b1f04da402d452853c3"},
    {file = "psycopg2-2.9.9-cp311-cp311-win32.whl", hash = "sha256:ade01303ccf7ae12c356a5e10911c9e1c51136003a9a1d92f7aa9d010fb98372"},
    {file = "psycopg2-2.9.9-cp311-cp311-win_amd64.whl", hash = "sha256:121081ea2e76729acfb0673ff33755e8703d45e926e416cb59bae3a86c6a4981"},
    {file = "psycopg2-2.9.9-cp312-cp312-win32.whl", hash = "sha256:d735786acc7dd25815e89cc4ad529a43af779db2e25aa7c626de864127e5a024"},
    {file = "psycopg2-2.9.9-cp312-cp312-win_amd64.whl", hash = "sha256:a7653d00b732afb6fc597e29c50ad28087dcb4fbfb28e86092277a559ae4e693"},
    {file = "psycopg2-2.9.9-cp37-cp37m-win32.whl", hash = "sha256:5e0d98cade4f0e0304d7d6f25bbfbc5bd186e07b38eac65379309c4ca3193efa"},
    {file = "psycopg2-2.9.9-cp37-cp37m-win_amd64.whl", hash = "sha256:7e2dacf8b009a1c1e843b5213a87f7c544b2b042476ed7755be813eaf4e8347a"},
    {file = "psycopg2-2.9.9-cp38-cp38-win32.whl", hash = "sha256:ff432630e510709564c01dafdbe996cb552e0b9f3f065eb89bdce5bd31fabf4c"},
    {file = "psycopg2-2.9.9-cp38-cp38-win_amd64.whl", hash = "sha256:bac58c024c9922c23550af2a581998624d6e02350f4ae9c5f0bc642c633a2d5e"},
    {file = "psycopg2-2.9.9-cp39-cp39-win32.whl", hash = "sha256:c92811b2d4c9b6ea0285942b2e7cac98a59e166d59c588fe5cfe1eda58e72d59"},
    {file = "psycopg2-2.9.9-cp39-cp39-win_amd64.whl", hash = "sha256:de80739447af31525feddeb8effd640782cf5998e1a4e9192ebdf829717e3913"},
    {file = "psycopg2-2.9.9.tar.gz", hash = "sha256:d1454bde93fb1e224166811694d600e746430c006fbb031ea06ecc2ea41bf156"},
]

[[package]]
name = "pymongo"
version = "4.10.0"
description = "Python driver for MongoDB <http://www.mongodb.org>"
optional = false
python-versions = ">=3.8"
files = [
    {file = "pymongo-4.10.0-cp310-cp310-macosx_10_9_x86_64.whl", hash = "sha256:0197e0ae594d7b04bf1a012d9c6bbde6f0f5ccf1d88349fabeacd0b40b4334f5"},
    {file = "pymongo-4.10.0-cp310-cp310-macosx_11_0_arm64.whl", hash = "sha256:81b1454f361f27066552a931206a1562f72b34198eb2154c5c430d7b00b1c5f8"},
    {file = "pymongo-4.10.0-cp310-cp310-manylinux_2_17_aarch64.manylinux2014_aarch64.whl", hash = "sha256:debfdbbed338fbdcf16774a8f7f9ab7dca80314946d31cc6ce9a23a87b0b4903"},
    {file = "pymongo-4.10.0-cp310-cp310-manylinux_2_17_ppc64le.manylinux2014_ppc64le.whl", hash = "sha256:0087eb80d7d253479b974e5b531a75433942bbdd3ab28c7c4677176815288c52"},
    {file = "pymongo-4.10.0-cp310-cp310-manylinux_2_17_s390x.manylinux2014_s390x.whl", hash = "sha256:b602e714575eba4cb521ad56eb5af55f0e44d723f23ae1d9357629a34b783281"},
    {file = "pymongo-4.10.0-cp310-cp310-manylinux_2_17_x86_64.manylinux2014_x86_64.whl", hash = "sha256:da6eff9c804c1fa178a965228d2c4787cf9a6e333df2cb9fa6beeb80b519845a"},
    {file = "pymongo-4.10.0-cp310-cp310-manylinux_2_5_i686.manylinux1_i686.manylinux_2_17_i686.manylinux2014_i686.whl", hash = "sha256:4894e933088f2cd43a6891371a3f1c6a16f7acd8b4a736f4034536a7d46d17e5"},
    {file = "pymongo-4.10.0-cp310-cp310-win32.whl", hash = "sha256:5de901d39f0f014e2d54fca03e12e2d5ebbb5067c58577fc71a6caea3b244dbf"},
    {file = "pymongo-4.10.0-cp310-cp310-win_amd64.whl", hash = "sha256:46bc15df824df877efa174f09b71ef87fb3838fe213d4fd95e35be7b2b6b21c7"},
    {file = "pymongo-4.10.0-cp311-cp311-macosx_10_9_x86_64.whl", hash = "sha256:f4ebf41c7b219c3a155b675c4d0db66199af1c7c64370f5f9eb06004fd24d9b1"},
    {file = "pymongo-4.10.0-cp311-cp311-macosx_11_0_arm64.whl", hash = "sha256:6edb2c9fe5e78af017d1d7c251ed6460fd0764c2a74405c3d783eec92abfdf3d"},
    {file = "pymongo-4.10.0-cp311-cp311-manylinux_2_17_aarch64.manylinux2014_aarch64.whl", hash = "sha256:c62dcdc19af778fb8e7980fcef9e251b3e8a6395d466e0316470df72a7e30339"},
    {file = "pymongo-4.10.0-cp311-cp311-manylinux_2_17_ppc64le.manylinux2014_ppc64le.whl", hash = "sha256:1b234f73a1198f49663bb4848b942bb8c78a31f4fe46cb559081c13662f556e1"},
    {file = "pymongo-4.10.0-cp311-cp311-manylinux_2_17_s390x.manylinux2014_s390x.whl", hash = "sha256:51c525337be3fc1d96d585ab981114962ae50b0ad43e8fcb8735d6493d42be0f"},
    {file = "pymongo-4.10.0-cp311-cp311-manylinux_2_17_x86_64.manylinux2014_x86_64.whl", hash = "sha256:e3b3a2f6acac03ddfe774e3565bf34d752ca85198a5720538492e58b9747f2e2"},
    {file = "pymongo-4.10.0-cp311-cp311-manylinux_2_5_i686.manylinux1_i686.manylinux_2_17_i686.manylinux2014_i686.whl", hash = "sha256:0e86b0cc697b45098467c3c4dba6ec671090106d6ed09822e45cc5f614e7d2d7"},
    {file = "pymongo-4.10.0-cp311-cp311-win32.whl", hash = "sha256:0447e8d6341675d896c10c9f27770011575c659525f058d94451f54beebe85cf"},
    {file = "pymongo-4.10.0-cp311-cp311-win_amd64.whl", hash = "sha256:6128ef22ea99a2c15e7909ef812cfcb1179b8ce858d8050259e5a614aac2d8cd"},
    {file = "pymongo-4.10.0-cp312-cp312-macosx_10_13_x86_64.whl", hash = "sha256:43cc579b1aad7381839baa36ec673d21afa7785d10babfb0470d8fadc4334636"},
    {file = "pymongo-4.10.0-cp312-cp312-macosx_11_0_arm64.whl", hash = "sha256:be12a4fa20813c04e66e25392fa5c48129fa29f724191148547bfb288fd46b08"},
    {file = "pymongo-4.10.0-cp312-cp312-manylinux_2_17_aarch64.manylinux2014_aarch64.whl", hash = "sha256:0f50e85aaa04dcd55846a86512c56c720a386b06067b4ad4ba4ac6eb73a07cc4"},
    {file = "pymongo-4.10.0-cp312-cp312-manylinux_2_17_ppc64le.manylinux2014_ppc64le.whl", hash = "sha256:252bf16d45f2049190994a9c17bdf3998ead44f1f4ceb97f6a149c25396ee054"},
    {file = "pymongo-4.10.0-cp312-cp312-manylinux_2_17_s390x.manylinux2014_s390x.whl", hash = "sha256:b8328927e89d650175bca6974faf8830c08ea507a933b6ca8442cbb4f131c9b5"},
    {file = "pymongo-4.10.0-cp312-cp312-manylinux_2_17_x86_64.manylinux2014_x86_64.whl", hash = "sha256:f12f2a17ef849529a471bf23f7b8553d37197e8b5a671d03d83de97873e9e923"},
    {file = "pymongo-4.10.0-cp312-cp312-manylinux_2_5_i686.manylinux1_i686.manylinux_2_17_i686.manylinux2014_i686.whl", hash = "sha256:ee01c79e7193edd14f9d1f182b5d1a96de709085f946a112a6f652844fe65789"},
    {file = "pymongo-4.10.0-cp312-cp312-win32.whl", hash = "sha256:c880d7333d46801abb5050da80238a838a773bcd95a7045ea9ae8869928f32f0"},
    {file = "pymongo-4.10.0-cp312-cp312-win_amd64.whl", hash = "sha256:4ac85ad92d2f237bd368626bd3794aa1b643da1016defe484b676f1d92e31801"},
    {file = "pymongo-4.10.0-cp313-cp313-macosx_10_13_x86_64.whl", hash = "sha256:2b7385eb45f6a6d3bb78182570d7d9bfecb9d041044dc0a75188937136a01fbf"},
    {file = "pymongo-4.10.0-cp313-cp313-macosx_11_0_arm64.whl", hash = "sha256:864d9e0ff0d525d8bdae1b23e11f5c9a7e625866fb38c0f19e0d3d6800235722"},
    {file = "pymongo-4.10.0-cp313-cp313-manylinux_2_17_aarch64.manylinux2014_aarch64.whl", hash = "sha256:43ca69abb3012b512e9cf17a9da8a7fa5ba6a9a32a3cd00df8daffedeb2b32f6"},
    {file = "pymongo-4.10.0-cp313-cp313-manylinux_2_17_ppc64le.manylinux2014_ppc64le.whl", hash = "sha256:889592aded274b970c2980a3460b51a2f9407724c02ebb37df006f7ff9354f9d"},
    {file = "pymongo-4.10.0-cp313-cp313-manylinux_2_17_s390x.manylinux2014_s390x.whl", hash = "sha256:96b8d8a070c0bad72e0c075bea1c6715fc26f402ccfb0040a6fdf6a2ae0c582d"},
    {file = "pymongo-4.10.0-cp313-cp313-manylinux_2_17_x86_64.manylinux2014_x86_64.whl", hash = "sha256:4f1a4afb651edacb9f8a2da61c56d4b030f30073751b51b9fef66efd1e835ebe"},
    {file = "pymongo-4.10.0-cp313-cp313-manylinux_2_5_i686.manylinux1_i686.manylinux_2_17_i686.manylinux2014_i686.whl", hash = "sha256:088afbb90331a4c5d628351245d576bcb7eb2b3ab49eb7f648284de51566b3bb"},
    {file = "pymongo-4.10.0-cp313-cp313-win32.whl", hash = "sha256:33d89ba16e083fa596763b87ef8e54fbc54b7582245b12cfc59af29a4f578505"},
    {file = "pymongo-4.10.0-cp313-cp313-win_amd64.whl", hash = "sha256:5c3da4af3f20c1c4558650b46e2d0c8a261bd825476372c07e72aca6144ee5b0"},
    {file = "pymongo-4.10.0-cp38-cp38-macosx_10_9_x86_64.whl", hash = "sha256:f38902d3c306795451cd328f9e3f694da05ce95c460273965159b7891f303e71"},
    {file = "pymongo-4.10.0-cp38-cp38-macosx_11_0_arm64.whl", hash = "sha256:0c163e9b747ff2a44a3967fe7a1803809d114505447e744f2aba0b910da24ea7"},
    {file = "pymongo-4.10.0-cp38-cp38-manylinux_2_17_aarch64.manylinux2014_aarch64.whl", hash = "sha256:41c9f875ddda4733ec3ba1e1b95aa419fee3b34dd7b14d79677292f5871d0a2b"},
    {file = "pymongo-4.10.0-cp38-cp38-manylinux_2_17_ppc64le.manylinux2014_ppc64le.whl", hash = "sha256:0fa3cb722d7e59b24f58ddd6c75a9f7f1509edcdd9fee3799805b36eab523bfc"},
    {file = "pymongo-4.10.0-cp38-cp38-manylinux_2_17_s390x.manylinux2014_s390x.whl", hash = "sha256:0ad5df86de544e44c3a296d0a165ff3d661b9245868e957d6be98340c8b406f7"},
    {file = "pymongo-4.10.0-cp38-cp38-manylinux_2_17_x86_64.manylinux2014_x86_64.whl", hash = "sha256:1f102160b1f43085717851988b03a45cce2603a856065b2281f3f529da989668"},
    {file = "pymongo-4.10.0-cp38-cp38-manylinux_2_5_i686.manylinux1_i686.manylinux_2_17_i686.manylinux2014_i686.whl", hash = "sha256:1c1af5c689dd67a9b33e88bc4adb63e61d823108b26d81cbc0ab7373b467a048"},
    {file = "pymongo-4.10.0-cp38-cp38-manylinux_2_5_i686.manylinux1_i686.whl", hash = "sha256:32ebc28f2648b544742c812e26b020ac1b35a5c74be6fc9f96eeaad229713f52"},
    {file = "pymongo-4.10.0-cp38-cp38-manylinux_2_5_x86_64.manylinux1_x86_64.whl", hash = "sha256:49c09629a9a3218ff176d7cfb7cf2bbb96869be288b2581762f31eae25ae1b30"},
    {file = "pymongo-4.10.0-cp38-cp38-win32.whl", hash = "sha256:c4e270ec6d3210d76c5d1f8642d9f904a02d138ca11937a78cb742b56c14fa7c"},
    {file = "pymongo-4.10.0-cp38-cp38-win_amd64.whl", hash = "sha256:7a4c61d613d597205d70f0514ba7a11b466d399cc501b43a42225cad79d4ad46"},
    {file = "pymongo-4.10.0-cp39-cp39-macosx_10_9_x86_64.whl", hash = "sha256:b4e41fac6874678dd49b29b58ec8c11cfccdee4bd66dc54f96c5cec831b802ae"},
    {file = "pymongo-4.10.0-cp39-cp39-macosx_11_0_arm64.whl", hash = "sha256:9e668a5d3ec7990276a7bfe5945f754036398088939367f5d0bbf85d0979cfd3"},
    {file = "pymongo-4.10.0-cp39-cp39-manylinux_2_17_aarch64.manylinux2014_aarch64.whl", hash = "sha256:9a78aae1fc42bcf690e749fd8d14f1dfc1be664c058e49a05504ed9f4c53ef43"},
    {file = "pymongo-4.10.0-cp39-cp39-manylinux_2_17_ppc64le.manylinux2014_ppc64le.whl", hash = "sha256:711bdf49126c5bd78db9db24c3788003f0d22b21ffcdbbee2e099ac2f72d7309"},
    {file = "pymongo-4.10.0-cp39-cp39-manylinux_2_17_s390x.manylinux2014_s390x.whl", hash = "sha256:3ff01206b0c20ab462889bed31b44c327fbf018343ade8f40aca1093a651ee61"},
    {file = "pymongo-4.10.0-cp39-cp39-manylinux_2_17_x86_64.manylinux2014_x86_64.whl", hash = "sha256:50d52322bb3220f93d05f7e5e94d744b2bc9070fea6231eb3a0c9569064db558"},
    {file = "pymongo-4.10.0-cp39-cp39-manylinux_2_5_i686.manylinux1_i686.manylinux_2_17_i686.manylinux2014_i686.whl", hash = "sha256:30c253ca10460d641461fb302c03fabb30e80567719b739ddf07501ff7cb5508"},
    {file = "pymongo-4.10.0-cp39-cp39-manylinux_2_5_i686.manylinux1_i686.whl", hash = "sha256:71e9b0e623e8395595d359100dfee38d033c7a842db51ff2a13207650336c24a"},
    {file = "pymongo-4.10.0-cp39-cp39-manylinux_2_5_x86_64.manylinux1_x86_64.whl", hash = "sha256:10438c08eb05208cebb198b740921bfe0eee303e5e7283bc451f7cad76dba4b7"},
    {file = "pymongo-4.10.0-cp39-cp39-win32.whl", hash = "sha256:eec4dd90bd109ce5cc7a9ea0616b7c4211cd1e7a93733d2a8a0809060f1e9950"},
    {file = "pymongo-4.10.0-cp39-cp39-win_amd64.whl", hash = "sha256:ba06fea288b08b9e44d177703f0c96a9fb17ff96e8d444be757bdec030b39f37"},
    {file = "pymongo-4.10.0.tar.gz", hash = "sha256:2b56e499e0066c4a21a26b451b10377f147c360aa318f49f8c640b7f588e8e8c"},
]

[package.dependencies]
dnspython = ">=1.16.0,<3.0.0"

[package.extras]
aws = ["pymongo-auth-aws (>=1.1.0,<2.0.0)"]
docs = ["furo (==2023.9.10)", "readthedocs-sphinx-search (>=0.3,<1.0)", "sphinx (>=5.3,<8)", "sphinx-autobuild (>=2020.9.1)", "sphinx-rtd-theme (>=2,<3)", "sphinxcontrib-shellcheck (>=1,<2)"]
encryption = ["certifi", "pymongo-auth-aws (>=1.1.0,<2.0.0)", "pymongocrypt (>=1.10.0,<2.0.0)"]
gssapi = ["pykerberos", "winkerberos (>=0.5.0)"]
ocsp = ["certifi", "cryptography (>=2.5)", "pyopenssl (>=17.2.0)", "requests (<3.0.0)", "service-identity (>=18.1.0)"]
snappy = ["python-snappy"]
test = ["pytest (>=8.2)", "pytest-asyncio (>=0.24.0)"]
zstd = ["zstandard"]

[[package]]
name = "pyyaml"
version = "6.0.2"
description = "YAML parser and emitter for Python"
optional = false
python-versions = ">=3.8"
files = [
    {file = "PyYAML-6.0.2-cp310-cp310-macosx_10_9_x86_64.whl", hash = "sha256:0a9a2848a5b7feac301353437eb7d5957887edbf81d56e903999a75a3d743086"},
    {file = "PyYAML-6.0.2-cp310-cp310-macosx_11_0_arm64.whl", hash = "sha256:29717114e51c84ddfba879543fb232a6ed60086602313ca38cce623c1d62cfbf"},
    {file = "PyYAML-6.0.2-cp310-cp310-manylinux_2_17_aarch64.manylinux2014_aarch64.whl", hash = "sha256:8824b5a04a04a047e72eea5cec3bc266db09e35de6bdfe34c9436ac5ee27d237"},
    {file = "PyYAML-6.0.2-cp310-cp310-manylinux_2_17_s390x.manylinux2014_s390x.whl", hash = "sha256:7c36280e6fb8385e520936c3cb3b8042851904eba0e58d277dca80a5cfed590b"},
    {file = "PyYAML-6.0.2-cp310-cp310-manylinux_2_17_x86_64.manylinux2014_x86_64.whl", hash = "sha256:ec031d5d2feb36d1d1a24380e4db6d43695f3748343d99434e6f5f9156aaa2ed"},
    {file = "PyYAML-6.0.2-cp310-cp310-musllinux_1_1_aarch64.whl", hash = "sha256:936d68689298c36b53b29f23c6dbb74de12b4ac12ca6cfe0e047bedceea56180"},
    {file = "PyYAML-6.0.2-cp310-cp310-musllinux_1_1_x86_64.whl", hash = "sha256:23502f431948090f597378482b4812b0caae32c22213aecf3b55325e049a6c68"},
    {file = "PyYAML-6.0.2-cp310-cp310-win32.whl", hash = "sha256:2e99c6826ffa974fe6e27cdb5ed0021786b03fc98e5ee3c5bfe1fd5015f42b99"},
    {file = "PyYAML-6.0.2-cp310-cp310-win_amd64.whl", hash = "sha256:a4d3091415f010369ae4ed1fc6b79def9416358877534caf6a0fdd2146c87a3e"},
    {file = "PyYAML-6.0.2-cp311-cp311-macosx_10_9_x86_64.whl", hash = "sha256:cc1c1159b3d456576af7a3e4d1ba7e6924cb39de8f67111c735f6fc832082774"},
    {file = "PyYAML-6.0.2-cp311-cp311-macosx_11_0_arm64.whl", hash = "sha256:1e2120ef853f59c7419231f3bf4e7021f1b936f6ebd222406c3b60212205d2ee"},
    {file = "PyYAML-6.0.2-cp311-cp311-manylinux_2_17_aarch64.manylinux2014_aarch64.whl", hash = "sha256:5d225db5a45f21e78dd9358e58a98702a0302f2659a3c6cd320564b75b86f47c"},
    {file = "PyYAML-6.0.2-cp311-cp311-manylinux_2_17_s390x.manylinux2014_s390x.whl", hash = "sha256:5ac9328ec4831237bec75defaf839f7d4564be1e6b25ac710bd1a96321cc8317"},
    {file = "PyYAML-6.0.2-cp311-cp311-manylinux_2_17_x86_64.manylinux2014_x86_64.whl", hash = "sha256:3ad2a3decf9aaba3d29c8f537ac4b243e36bef957511b4766cb0057d32b0be85"},
    {file = "PyYAML-6.0.2-cp311-cp311-musllinux_1_1_aarch64.whl", hash = "sha256:ff3824dc5261f50c9b0dfb3be22b4567a6f938ccce4587b38952d85fd9e9afe4"},
    {file = "PyYAML-6.0.2-cp311-cp311-musllinux_1_1_x86_64.whl", hash = "sha256:797b4f722ffa07cc8d62053e4cff1486fa6dc094105d13fea7b1de7d8bf71c9e"},
    {file = "PyYAML-6.0.2-cp311-cp311-win32.whl", hash = "sha256:11d8f3dd2b9c1207dcaf2ee0bbbfd5991f571186ec9cc78427ba5bd32afae4b5"},
    {file = "PyYAML-6.0.2-cp311-cp311-win_amd64.whl", hash = "sha256:e10ce637b18caea04431ce14fabcf5c64a1c61ec9c56b071a4b7ca131ca52d44"},
    {file = "PyYAML-6.0.2-cp312-cp312-macosx_10_9_x86_64.whl", hash = "sha256:c70c95198c015b85feafc136515252a261a84561b7b1d51e3384e0655ddf25ab"},
    {file = "PyYAML-6.0.2-cp312-cp312-macosx_11_0_arm64.whl", hash = "sha256:ce826d6ef20b1bc864f0a68340c8b3287705cae2f8b4b1d932177dcc76721725"},
    {file = "PyYAML-6.0.2-cp312-cp312-manylinux_2_17_aarch64.manylinux2014_aarch64.whl", hash = "sha256:1f71ea527786de97d1a0cc0eacd1defc0985dcf6b3f17bb77dcfc8c34bec4dc5"},
    {file = "PyYAML-6.0.2-cp312-cp312-manylinux_2_17_s390x.manylinux2014_s390x.whl", hash = "sha256:9b22676e8097e9e22e36d6b7bda33190d0d400f345f23d4065d48f4ca7ae0425"},
    {file = "PyYAML-6.0.2-cp312-cp312-manylinux_2_17_x86_64.manylinux2014_x86_64.whl", hash = "sha256:80bab7bfc629882493af4aa31a4cfa43a4c57c83813253626916b8c7ada83476"},
    {file = "PyYAML-6.0.2-cp312-cp312-musllinux_1_1_aarch64.whl", hash = "sha256:0833f8694549e586547b576dcfaba4a6b55b9e96098b36cdc7ebefe667dfed48"},
    {file = "PyYAML-6.0.2-cp312-cp312-musllinux_1_1_x86_64.whl", hash = "sha256:8b9c7197f7cb2738065c481a0461e50ad02f18c78cd75775628afb4d7137fb3b"},
    {file = "PyYAML-6.0.2-cp312-cp312-win32.whl", hash = "sha256:ef6107725bd54b262d6dedcc2af448a266975032bc85ef0172c5f059da6325b4"},
    {file = "PyYAML-6.0.2-cp312-cp312-win_amd64.whl", hash = "sha256:7e7401d0de89a9a855c839bc697c079a4af81cf878373abd7dc625847d25cbd8"},
    {file = "PyYAML-6.0.2-cp313-cp313-macosx_10_13_x86_64.whl", hash = "sha256:efdca5630322a10774e8e98e1af481aad470dd62c3170801852d752aa7a783ba"},
    {file = "PyYAML-6.0.2-cp313-cp313-macosx_11_0_arm64.whl", hash = "sha256:50187695423ffe49e2deacb8cd10510bc361faac997de9efef88badc3bb9e2d1"},
    {file = "PyYAML-6.0.2-cp313-cp313-manylinux_2_17_aarch64.manylinux2014_aarch64.whl", hash = "sha256:0ffe8360bab4910ef1b9e87fb812d8bc0a308b0d0eef8c8f44e0254ab3b07133"},
    {file = "PyYAML-6.0.2-cp313-cp313-manylinux_2_17_s390x.manylinux2014_s390x.whl", hash = "sha256:17e311b6c678207928d649faa7cb0d7b4c26a0ba73d41e99c4fff6b6c3276484"},
    {file = "PyYAML-6.0.2-cp313-cp313-manylinux_2_17_x86_64.manylinux2014_x86_64.whl", hash = "sha256:70b189594dbe54f75ab3a1acec5f1e3faa7e8cf2f1e08d9b561cb41b845f69d5"},
    {file = "PyYAML-6.0.2-cp313-cp313-musllinux_1_1_aarch64.whl", hash = "sha256:41e4e3953a79407c794916fa277a82531dd93aad34e29c2a514c2c0c5fe971cc"},
    {file = "PyYAML-6.0.2-cp313-cp313-musllinux_1_1_x86_64.whl", hash = "sha256:68ccc6023a3400877818152ad9a1033e3db8625d899c72eacb5a668902e4d652"},
    {file = "PyYAML-6.0.2-cp313-cp313-win32.whl", hash = "sha256:bc2fa7c6b47d6bc618dd7fb02ef6fdedb1090ec036abab80d4681424b84c1183"},
    {file = "PyYAML-6.0.2-cp313-cp313-win_amd64.whl", hash = "sha256:8388ee1976c416731879ac16da0aff3f63b286ffdd57cdeb95f3f2e085687563"},
    {file = "PyYAML-6.0.2-cp38-cp38-macosx_10_9_x86_64.whl", hash = "sha256:24471b829b3bf607e04e88d79542a9d48bb037c2267d7927a874e6c205ca7e9a"},
    {file = "PyYAML-6.0.2-cp38-cp38-manylinux_2_17_aarch64.manylinux2014_aarch64.whl", hash = "sha256:d7fded462629cfa4b685c5416b949ebad6cec74af5e2d42905d41e257e0869f5"},
    {file = "PyYAML-6.0.2-cp38-cp38-manylinux_2_17_s390x.manylinux2014_s390x.whl", hash = "sha256:d84a1718ee396f54f3a086ea0a66d8e552b2ab2017ef8b420e92edbc841c352d"},
    {file = "PyYAML-6.0.2-cp38-cp38-manylinux_2_17_x86_64.manylinux2014_x86_64.whl", hash = "sha256:9056c1ecd25795207ad294bcf39f2db3d845767be0ea6e6a34d856f006006083"},
    {file = "PyYAML-6.0.2-cp38-cp38-musllinux_1_1_x86_64.whl", hash = "sha256:82d09873e40955485746739bcb8b4586983670466c23382c19cffecbf1fd8706"},
    {file = "PyYAML-6.0.2-cp38-cp38-win32.whl", hash = "sha256:43fa96a3ca0d6b1812e01ced1044a003533c47f6ee8aca31724f78e93ccc089a"},
    {file = "PyYAML-6.0.2-cp38-cp38-win_amd64.whl", hash = "sha256:01179a4a8559ab5de078078f37e5c1a30d76bb88519906844fd7bdea1b7729ff"},
    {file = "PyYAML-6.0.2-cp39-cp39-macosx_10_9_x86_64.whl", hash = "sha256:688ba32a1cffef67fd2e9398a2efebaea461578b0923624778664cc1c914db5d"},
    {file = "PyYAML-6.0.2-cp39-cp39-macosx_11_0_arm64.whl", hash = "sha256:a8786accb172bd8afb8be14490a16625cbc387036876ab6ba70912730faf8e1f"},
    {file = "PyYAML-6.0.2-cp39-cp39-manylinux_2_17_aarch64.manylinux2014_aarch64.whl", hash = "sha256:d8e03406cac8513435335dbab54c0d385e4a49e4945d2909a581c83647ca0290"},
    {file = "PyYAML-6.0.2-cp39-cp39-manylinux_2_17_s390x.manylinux2014_s390x.whl", hash = "sha256:f753120cb8181e736c57ef7636e83f31b9c0d1722c516f7e86cf15b7aa57ff12"},
    {file = "PyYAML-6.0.2-cp39-cp39-manylinux_2_17_x86_64.manylinux2014_x86_64.whl", hash = "sha256:3b1fdb9dc17f5a7677423d508ab4f243a726dea51fa5e70992e59a7411c89d19"},
    {file = "PyYAML-6.0.2-cp39-cp39-musllinux_1_1_aarch64.whl", hash = "sha256:0b69e4ce7a131fe56b7e4d770c67429700908fc0752af059838b1cfb41960e4e"},
    {file = "PyYAML-6.0.2-cp39-cp39-musllinux_1_1_x86_64.whl", hash = "sha256:a9f8c2e67970f13b16084e04f134610fd1d374bf477b17ec1599185cf611d725"},
    {file = "PyYAML-6.0.2-cp39-cp39-win32.whl", hash = "sha256:6395c297d42274772abc367baaa79683958044e5d3835486c16da75d2a694631"},
    {file = "PyYAML-6.0.2-cp39-cp39-win_amd64.whl", hash = "sha256:39693e1f8320ae4f43943590b49779ffb98acb81f788220ea932a6b6c51004d8"},
    {file = "pyyaml-6.0.2.tar.gz", hash = "sha256:d584d9ec91ad65861cc08d42e834324ef890a082e591037abe114850ff7bbc3e"},
]

[[package]]
name = "websocket-client"
version = "1.8.0"
description = "WebSocket client for Python with low level API options"
optional = false
python-versions = ">=3.8"
files = [
    {file = "websocket_client-1.8.0-py3-none-any.whl", hash = "sha256:17b44cc997f5c498e809b22cdf2d9c7a9e71c02c8cc2b6c56e7c2d1239bfa526"},
    {file = "websocket_client-1.8.0.tar.gz", hash = "sha256:3239df9f44da632f96012472805d40a23281a991027ce11d2f45a6f24ac4c3da"},
]

[package.extras]
docs = ["Sphinx (>=6.0)", "myst-parser (>=2.0.0)", "sphinx-rtd-theme (>=1.1.0)"]
optional = ["python-socks", "wsaccel"]
test = ["websockets"]

[metadata]
lock-version = "2.0"
python-versions = "^3.10"
content-hash = "47fcc2bf9a2adcf99cd9ed75743e3aabfe245636b3830760d0affdf026929e9f"
